
Microsoft Visual Studio Solution File, Format Version 12.00
# Visual Studio 15
VisualStudioVersion = 15.0.27004.2005
MinimumVisualStudioVersion = 10.0.40219.1
Project("{FAE04EC0-301F-11D3-BF4B-00C04F79EFBC}") = "D.FreeExchange.Core", "D.FreeExchange.Core\D.FreeExchange.Core.csproj", "{9312BCCE-9EA2-4A72-9D7C-F1DE5473806F}"
EndProject
Project("{FAE04EC0-301F-11D3-BF4B-00C04F79EFBC}") = "D.FreeExchange.Fitter.Young", "D.FreeExchange.Fitter.Young\D.FreeExchange.Fitter.Young.csproj", "{57469ECF-EE6A-457F-B0B5-414847B10521}"
EndProject
Global
	GlobalSection(SolutionConfigurationPlatforms) = preSolution
		Debug|Any CPU = Debug|Any CPU
		Release|Any CPU = Release|Any CPU
	EndGlobalSection
	GlobalSection(ProjectConfigurationPlatforms) = postSolution
		{9312BCCE-9EA2-4A72-9D7C-F1DE5473806F}.Debug|Any CPU.ActiveCfg = Debug|Any CPU
		{9312BCCE-9EA2-4A72-9D7C-F1DE5473806F}.Debug|Any CPU.Build.0 = Debug|Any CPU
		{9312BCCE-9EA2-4A72-9D7C-F1DE5473806F}.Release|Any CPU.ActiveCfg = Release|Any CPU
		{9312BCCE-9EA2-4A72-9D7C-F1DE5473806F}.Release|Any CPU.Build.0 = Release|Any CPU
		{57469ECF-EE6A-457F-B0B5-414847B10521}.Debug|Any CPU.ActiveCfg = Debug|Any CPU
		{57469ECF-EE6A-457F-B0B5-414847B10521}.Debug|Any CPU.Build.0 = Debug|Any CPU
		{57469ECF-EE6A-457F-B0B5-414847B10521}.Release|Any CPU.ActiveCfg = Release|Any CPU
		{57469ECF-EE6A-457F-B0B5-414847B10521}.Release|Any CPU.Build.0 = Release|Any CPU
	EndGlobalSection
	GlobalSection(SolutionProperties) = preSolution
		HideSolutionNode = FALSE
	EndGlobalSection
	GlobalSection(ExtensibilityGlobals) = postSolution
		SolutionGuid = {69A3729E-EE32-48FF-93C7-F932F72C8F33}
	EndGlobalSection
EndGlobal
